
Microsoft Visual Studio Solution File, Format Version 12.00
# Visual Studio Version 16
VisualStudioVersion = 16.0.29911.84
MinimumVisualStudioVersion = 10.0.40219.1
Project("{FAE04EC0-301F-11D3-BF4B-00C04F79EFBC}") = "Cw3", "Cw3.csproj", "{0F2EF6A4-EA97-44A4-BDD8-C6061E0E25ED}"
EndProject
Global
	GlobalSection(SolutionConfigurationPlatforms) = preSolution
		Debug|Any CPU = Debug|Any CPU
		Release|Any CPU = Release|Any CPU
	EndGlobalSection
	GlobalSection(ProjectConfigurationPlatforms) = postSolution
		{0F2EF6A4-EA97-44A4-BDD8-C6061E0E25ED}.Debug|Any CPU.ActiveCfg = Debug|Any CPU
		{0F2EF6A4-EA97-44A4-BDD8-C6061E0E25ED}.Debug|Any CPU.Build.0 = Debug|Any CPU
		{0F2EF6A4-EA97-44A4-BDD8-C6061E0E25ED}.Release|Any CPU.ActiveCfg = Release|Any CPU
		{0F2EF6A4-EA97-44A4-BDD8-C6061E0E25ED}.Release|Any CPU.Build.0 = Release|Any CPU
	EndGlobalSection
	GlobalSection(SolutionProperties) = preSolution
		HideSolutionNode = FALSE
	EndGlobalSection
	GlobalSection(ExtensibilityGlobals) = postSolution
		SolutionGuid = {7671C0AF-87BD-464A-900A-88CE0C34D95E}
	EndGlobalSection
EndGlobal
